<?xml version="1.0" encoding="UTF-8" standalone="yes" ?>
<CodeBlocks_project_file>
	<FileVersion major="1" minor="6" />
	<Project>
		<Option title="catane" />
		<Option pch_mode="2" />
		<Option compiler="gcc" />
		<Build>
			<Target title="Debug">
				<Option output="bin/catane" prefix_auto="1" extension_auto="1" />
				<Option working_dir="bin/" />
				<Option object_output="obj/Debug/" />
				<Option type="1" />
				<Option compiler="gcc" />
				<Compiler>
					<Add option="-g" />
				</Compiler>
			</Target>
			<Target title="Release">
				<Option output="bin/catane" prefix_auto="1" extension_auto="1" />
				<Option working_dir="bin/" />
				<Option object_output="obj/Release/" />
				<Option type="1" />
				<Option compiler="gcc" />
				<Compiler>
					<Add option="-O2" />
				</Compiler>
				<Linker>
					<Add option="-s" />
				</Linker>
			</Target>
		</Build>
		<Compiler>
			<Add option="-Wall" />
			<Add option="`sdl2-config --cflags`" />
			<Add directory="modele/headers" />
			<Add directory="vue/headers" />
			<Add directory="controleur/headers" />
			<Add directory="/usr/includes" />
		</Compiler>
		<Linker>
			<Add option="`sdl2-config --libs` -lSDL2_ttf" />
			<Add directory="/usr/lib/x86_64-linux-gnu" />
		</Linker>
		<Unit filename="catane.c">
			<Option compilerVar="CC" />
		</Unit>
		<Unit filename="controleur/headers/controller.h" />
		<Unit filename="controleur/headers/controller_crossing.h" />
		<Unit filename="controleur/headers/controller_dice.h" />
		<Unit filename="controleur/headers/controller_path.h" />
		<Unit filename="controleur/headers/controller_player.h" />
		<Unit filename="controleur/headers/controller_preparation.h" />
		<Unit filename="controleur/headers/controller_resource.h" />
		<Unit filename="controleur/headers/controller_terrain.h" />
		<Unit filename="controleur/headers/controller_turn.h" />
		<Unit filename="controleur/headers/controller_turn_events.h" />
		<Unit filename="controleur/headers/converters.h" />
		<Unit filename="controleur/sources/controller.c">
			<Option compilerVar="CC" />
		</Unit>
		<Unit filename="controleur/sources/controller_crossing.c">
			<Option compilerVar="CC" />
		</Unit>
		<Unit filename="controleur/sources/controller_dice.c">
			<Option compilerVar="CC" />
		</Unit>
		<Unit filename="controleur/sources/controller_path.c">
			<Option compilerVar="CC" />
		</Unit>
		<Unit filename="controleur/sources/controller_player.c">
			<Option compilerVar="CC" />
		</Unit>
		<Unit filename="controleur/sources/controller_preparation.c">
			<Option compilerVar="CC" />
		</Unit>
		<Unit filename="controleur/sources/controller_resource.c">
			<Option compilerVar="CC" />
		</Unit>
		<Unit filename="controleur/sources/controller_terrain.c">
			<Option compilerVar="CC" />
		</Unit>
		<Unit filename="controleur/sources/controller_turn.c">
			<Option compilerVar="CC" />
		</Unit>
		<Unit filename="controleur/sources/controller_turn_events.c">
			<Option compilerVar="CC" />
		</Unit>
		<Unit filename="controleur/sources/converters.c">
			<Option compilerVar="CC" />
		</Unit>
		<Unit filename="modele/headers/get_partie.h" />
		<Unit filename="modele/headers/get_plateau.h" />
		<Unit filename="modele/headers/joueur.h" />
		<Unit filename="modele/headers/partie.h" />
		<Unit filename="modele/headers/plateau.h" />
		<Unit filename="modele/headers/ressource.h" />
		<Unit filename="modele/headers/set_partie.h" />
		<Unit filename="modele/headers/set_plateau.h" />
		<Unit filename="modele/sources/get_partie.c">
			<Option compilerVar="CC" />
		</Unit>
		<Unit filename="modele/sources/get_plateau.c">
			<Option compilerVar="CC" />
		</Unit>
		<Unit filename="modele/sources/joueur.c">
			<Option compilerVar="CC" />
		</Unit>
		<Unit filename="modele/sources/partie.c">
			<Option compilerVar="CC" />
		</Unit>
		<Unit filename="modele/sources/plateau.c">
			<Option compilerVar="CC" />
		</Unit>
		<Unit filename="modele/sources/set_partie.c">
			<Option compilerVar="CC" />
		</Unit>
		<Unit filename="modele/sources/set_plateau.c">
			<Option compilerVar="CC" />
		</Unit>
		<Unit filename="vue/headers/SDL_erreur.h" />
		<Unit filename="vue/headers/affiche_joueur.h" />
		<Unit filename="vue/headers/affiche_texte.h" />
		<Unit filename="vue/headers/architecture.h" />
		<Unit filename="vue/headers/carte.h" />
		<Unit filename="vue/headers/developpement.h" />
		<Unit filename="vue/headers/fenetre.h" />
		<Unit filename="vue/headers/place_infra.h" />
		<Unit filename="vue/headers/probabilite.h" />
		<Unit filename="vue/headers/tuile.h" />
		<Unit filename="vue/sources/SDL_erreur.c">
			<Option compilerVar="CC" />
		</Unit>
		<Unit filename="vue/sources/affiche_joueur.c">
			<Option compilerVar="CC" />
		</Unit>
		<Unit filename="vue/sources/affiche_texte.c">
			<Option compilerVar="CC" />
		</Unit>
		<Unit filename="vue/sources/architecture.c">
			<Option compilerVar="CC" />
		</Unit>
		<Unit filename="vue/sources/carte.c">
			<Option compilerVar="CC" />
		</Unit>
		<Unit filename="vue/sources/developpement.c">
			<Option compilerVar="CC" />
		</Unit>
		<Unit filename="vue/sources/fenetre.c">
			<Option compilerVar="CC" />
		</Unit>
		<Unit filename="vue/sources/place_infra.c">
			<Option compilerVar="CC" />
		</Unit>
		<Unit filename="vue/sources/probabilite.c">
			<Option compilerVar="CC" />
		</Unit>
		<Unit filename="vue/sources/tuile.c">
			<Option compilerVar="CC" />
		</Unit>
		<Extensions>
			<code_completion />
			<debugger />
		</Extensions>
	</Project>
</CodeBlocks_project_file>
