<?xml version="1.0" encoding="UTF-8" standalone="yes" ?>
<CodeBlocks_project_file>
	<FileVersion major="1" minor="6" />
	<Project>
		<Option title="catane" />
		<Option pch_mode="2" />
		<Option compiler="gcc" />
		<Build>
			<Target title="Debug">
				<Option output="bin/Debug/catane" prefix_auto="1" extension_auto="1" />
				<Option object_output="obj/Debug/" />
				<Option type="1" />
				<Option compiler="gcc" />
				<Compiler>
					<Add option="-g" />
					<Add option="`sdl2-config --cflags`" />
				</Compiler>
				<Linker>
					<Add option="`sdl2-config --libs`" />
				</Linker>
			</Target>
			<Target title="Release">
				<Option output="bin/Release/catane" prefix_auto="1" extension_auto="1" />
				<Option object_output="obj/Release/" />
				<Option type="1" />
				<Option compiler="gcc" />
				<Compiler>
					<Add option="-O2" />
				</Compiler>
				<Linker>
					<Add option="-s" />
				</Linker>
			</Target>
		</Build>
		<Compiler>
			<Add option="-Wall" />
		</Compiler>
		<Unit filename="controller.c">
			<Option compilerVar="CC" />
		</Unit>
		<Unit filename="controller.h" />
		<Unit filename="controller_crossing.c">
			<Option compilerVar="CC" />
		</Unit>
		<Unit filename="controller_crossing.h" />
		<Unit filename="controller_path.c">
			<Option compilerVar="CC" />
		</Unit>
		<Unit filename="controller_path.h" />
		<Unit filename="controller_player.c">
			<Option compilerVar="CC" />
		</Unit>
		<Unit filename="controller_player.h" />
		<Unit filename="controller_resource.c">
			<Option compilerVar="CC" />
		</Unit>
		<Unit filename="controller_resource.h" />
		<Unit filename="controller_terrain.c">
			<Option compilerVar="CC" />
		</Unit>
		<Unit filename="controller_terrain.h" />
		<Unit filename="controller_turn.c">
			<Option compilerVar="CC" />
		</Unit>
		<Unit filename="controller_turn.h" />
		<Unit filename="controller_turn_events.c">
			<Option compilerVar="CC" />
		</Unit>
		<Unit filename="controller_turn_events.h" />
		<Unit filename="converters.c">
			<Option compilerVar="CC" />
		</Unit>
		<Unit filename="converters.h" />
		<Unit filename="main.c">
			<Option compilerVar="CC" />
		</Unit>
		<Extensions>
			<code_completion />
			<debugger />
		</Extensions>
	</Project>
</CodeBlocks_project_file>
